// !$*UTF8*$!
{
	archiveVersion = 1;
	classes = {
	};
	objectVersion = 50;
	objects = {

/* Begin PBXBuildFile section */
		47001D0121B4CF6600A5E44C /* ShellSort.swift in Sources */ = {isa = PBXBuildFile; fileRef = 47001D0021B4CF6600A5E44C /* ShellSort.swift */; };
		47001D0321B6711F00A5E44C /* MergeSort.swift in Sources */ = {isa = PBXBuildFile; fileRef = 47001D0221B6711F00A5E44C /* MergeSort.swift */; };
		473E8E2A21297700009B6934 /* AppDelegate.swift in Sources */ = {isa = PBXBuildFile; fileRef = 473E8E2921297700009B6934 /* AppDelegate.swift */; };
		473E8E2C21297700009B6934 /* ViewController.swift in Sources */ = {isa = PBXBuildFile; fileRef = 473E8E2B21297700009B6934 /* ViewController.swift */; };
		473E8E2F21297700009B6934 /* Main.storyboard in Resources */ = {isa = PBXBuildFile; fileRef = 473E8E2D21297700009B6934 /* Main.storyboard */; };
		473E8E3121297702009B6934 /* Assets.xcassets in Resources */ = {isa = PBXBuildFile; fileRef = 473E8E3021297702009B6934 /* Assets.xcassets */; };
		473E8E3421297702009B6934 /* LaunchScreen.storyboard in Resources */ = {isa = PBXBuildFile; fileRef = 473E8E3221297702009B6934 /* LaunchScreen.storyboard */; };
		473E8E3F21297702009B6934 /* SortAlgorithmTests.swift in Sources */ = {isa = PBXBuildFile; fileRef = 473E8E3E21297702009B6934 /* SortAlgorithmTests.swift */; };
		473E8E4B2129786A009B6934 /* BaseAlgorithm.swift in Sources */ = {isa = PBXBuildFile; fileRef = 473E8E4A2129786A009B6934 /* BaseAlgorithm.swift */; };
		473E8E4D212978EC009B6934 /* BubbleSort.swift in Sources */ = {isa = PBXBuildFile; fileRef = 473E8E4C212978EC009B6934 /* BubbleSort.swift */; };
		473E8E4F2129AEEB009B6934 /* SelectionSort.swift in Sources */ = {isa = PBXBuildFile; fileRef = 473E8E4E2129AEEB009B6934 /* SelectionSort.swift */; };
		473E8E512129BE0E009B6934 /* InsertionSort.swift in Sources */ = {isa = PBXBuildFile; fileRef = 473E8E502129BE0E009B6934 /* InsertionSort.swift */; };
		479F1317213ED9F0001E8F46 /* QuickSort.swift in Sources */ = {isa = PBXBuildFile; fileRef = 479F1316213ED9F0001E8F46 /* QuickSort.swift */; };
/* End PBXBuildFile section */

/* Begin PBXContainerItemProxy section */
		473E8E3B21297702009B6934 /* PBXContainerItemProxy */ = {
			isa = PBXContainerItemProxy;
			containerPortal = 473E8E1E21297700009B6934 /* Project object */;
			proxyType = 1;
			remoteGlobalIDString = 473E8E2521297700009B6934;
			remoteInfo = SortAlgorithm;
		};
/* End PBXContainerItemProxy section */

/* Begin PBXFileReference section */
		47001D0021B4CF6600A5E44C /* ShellSort.swift */ = {isa = PBXFileReference; lastKnownFileType = sourcecode.swift; path = ShellSort.swift; sourceTree = "<group>"; };
		47001D0221B6711F00A5E44C /* MergeSort.swift */ = {isa = PBXFileReference; lastKnownFileType = sourcecode.swift; path = MergeSort.swift; sourceTree = "<group>"; };
		473E8E2621297700009B6934 /* SortAlgorithm.app */ = {isa = PBXFileReference; explicitFileType = wrapper.application; includeInIndex = 0; path = SortAlgorithm.app; sourceTree = BUILT_PRODUCTS_DIR; };
		473E8E2921297700009B6934 /* AppDelegate.swift */ = {isa = PBXFileReference; lastKnownFileType = sourcecode.swift; path = AppDelegate.swift; sourceTree = "<group>"; };
		473E8E2B21297700009B6934 /* ViewController.swift */ = {isa = PBXFileReference; lastKnownFileType = sourcecode.swift; path = ViewController.swift; sourceTree = "<group>"; };
		473E8E2E21297700009B6934 /* Base */ = {isa = PBXFileReference; lastKnownFileType = file.storyboard; name = Base; path = Base.lproj/Main.storyboard; sourceTree = "<group>"; };
		473E8E3021297702009B6934 /* Assets.xcassets */ = {isa = PBXFileReference; lastKnownFileType = folder.assetcatalog; path = Assets.xcassets; sourceTree = "<group>"; };
		473E8E3321297702009B6934 /* Base */ = {isa = PBXFileReference; lastKnownFileType = file.storyboard; name = Base; path = Base.lproj/LaunchScreen.storyboard; sourceTree = "<group>"; };
		473E8E3521297702009B6934 /* Info.plist */ = {isa = PBXFileReference; lastKnownFileType = text.plist.xml; path = Info.plist; sourceTree = "<group>"; };
		473E8E3A21297702009B6934 /* SortAlgorithmTests.xctest */ = {isa = PBXFileReference; explicitFileType = wrapper.cfbundle; includeInIndex = 0; path = SortAlgorithmTests.xctest; sourceTree = BUILT_PRODUCTS_DIR; };
		473E8E3E21297702009B6934 /* SortAlgorithmTests.swift */ = {isa = PBXFileReference; lastKnownFileType = sourcecode.swift; path = SortAlgorithmTests.swift; sourceTree = "<group>"; };
		473E8E4021297702009B6934 /* Info.plist */ = {isa = PBXFileReference; lastKnownFileType = text.plist.xml; path = Info.plist; sourceTree = "<group>"; };
		473E8E4A2129786A009B6934 /* BaseAlgorithm.swift */ = {isa = PBXFileReference; lastKnownFileType = sourcecode.swift; path = BaseAlgorithm.swift; sourceTree = "<group>"; };
		473E8E4C212978EC009B6934 /* BubbleSort.swift */ = {isa = PBXFileReference; lastKnownFileType = sourcecode.swift; path = BubbleSort.swift; sourceTree = "<group>"; };
		473E8E4E2129AEEB009B6934 /* SelectionSort.swift */ = {isa = PBXFileReference; lastKnownFileType = sourcecode.swift; path = SelectionSort.swift; sourceTree = "<group>"; };
		473E8E502129BE0E009B6934 /* InsertionSort.swift */ = {isa = PBXFileReference; lastKnownFileType = sourcecode.swift; path = InsertionSort.swift; sourceTree = "<group>"; };
		479F1316213ED9F0001E8F46 /* QuickSort.swift */ = {isa = PBXFileReference; lastKnownFileType = sourcecode.swift; path = QuickSort.swift; sourceTree = "<group>"; };
/* End PBXFileReference section */

/* Begin PBXFrameworksBuildPhase section */
		473E8E2321297700009B6934 /* Frameworks */ = {
			isa = PBXFrameworksBuildPhase;
			buildActionMask = 2147483647;
			files = (
			);
			runOnlyForDeploymentPostprocessing = 0;
		};
		473E8E3721297702009B6934 /* Frameworks */ = {
			isa = PBXFrameworksBuildPhase;
			buildActionMask = 2147483647;
			files = (
			);
			runOnlyForDeploymentPostprocessing = 0;
		};
/* End PBXFrameworksBuildPhase section */

/* Begin PBXGroup section */
		473E8E1D21297700009B6934 = {
			isa = PBXGroup;
			children = (
				473E8E2821297700009B6934 /* SortAlgorithm */,
				473E8E3D21297702009B6934 /* SortAlgorithmTests */,
				473E8E2721297700009B6934 /* Products */,
			);
			sourceTree = "<group>";
		};
		473E8E2721297700009B6934 /* Products */ = {
			isa = PBXGroup;
			children = (
				473E8E2621297700009B6934 /* SortAlgorithm.app */,
				473E8E3A21297702009B6934 /* SortAlgorithmTests.xctest */,
			);
			name = Products;
			sourceTree = "<group>";
		};
		473E8E2821297700009B6934 /* SortAlgorithm */ = {
			isa = PBXGroup;
			children = (
				473E8E4921297826009B6934 /* Algorithm */,
				473E8E2921297700009B6934 /* AppDelegate.swift */,
				473E8E2B21297700009B6934 /* ViewController.swift */,
				473E8E2D21297700009B6934 /* Main.storyboard */,
				473E8E3021297702009B6934 /* Assets.xcassets */,
				473E8E3221297702009B6934 /* LaunchScreen.storyboard */,
				473E8E3521297702009B6934 /* Info.plist */,
			);
			path = SortAlgorithm;
			sourceTree = "<group>";
		};
		473E8E3D21297702009B6934 /* SortAlgorithmTests */ = {
			isa = PBXGroup;
			children = (
				473E8E3E21297702009B6934 /* SortAlgorithmTests.swift */,
				473E8E4021297702009B6934 /* Info.plist */,
			);
			path = SortAlgorithmTests;
			sourceTree = "<group>";
		};
		473E8E4921297826009B6934 /* Algorithm */ = {
			isa = PBXGroup;
			children = (
				473E8E4A2129786A009B6934 /* BaseAlgorithm.swift */,
				473E8E4C212978EC009B6934 /* BubbleSort.swift */,
				473E8E4E2129AEEB009B6934 /* SelectionSort.swift */,
				473E8E502129BE0E009B6934 /* InsertionSort.swift */,
				479F1316213ED9F0001E8F46 /* QuickSort.swift */,
				47001D0021B4CF6600A5E44C /* ShellSort.swift */,
				47001D0221B6711F00A5E44C /* MergeSort.swift */,
			);
			path = Algorithm;
			sourceTree = "<group>";
		};
/* End PBXGroup section */

/* Begin PBXNativeTarget section */
		473E8E2521297700009B6934 /* SortAlgorithm */ = {
			isa = PBXNativeTarget;
			buildConfigurationList = 473E8E4321297702009B6934 /* Build configuration list for PBXNativeTarget "SortAlgorithm" */;
			buildPhases = (
				473E8E2221297700009B6934 /* Sources */,
				473E8E2321297700009B6934 /* Frameworks */,
				473E8E2421297700009B6934 /* Resources */,
			);
			buildRules = (
			);
			dependencies = (
			);
			name = SortAlgorithm;
			productName = SortAlgorithm;
			productReference = 473E8E2621297700009B6934 /* SortAlgorithm.app */;
			productType = "com.apple.product-type.application";
		};
		473E8E3921297702009B6934 /* SortAlgorithmTests */ = {
			isa = PBXNativeTarget;
			buildConfigurationList = 473E8E4621297702009B6934 /* Build configuration list for PBXNativeTarget "SortAlgorithmTests" */;
			buildPhases = (
				473E8E3621297702009B6934 /* Sources */,
				473E8E3721297702009B6934 /* Frameworks */,
				473E8E3821297702009B6934 /* Resources */,
			);
			buildRules = (
			);
			dependencies = (
				473E8E3C21297702009B6934 /* PBXTargetDependency */,
			);
			name = SortAlgorithmTests;
			productName = SortAlgorithmTests;
			productReference = 473E8E3A21297702009B6934 /* SortAlgorithmTests.xctest */;
			productType = "com.apple.product-type.bundle.unit-test";
		};
/* End PBXNativeTarget section */

/* Begin PBXProject section */
		473E8E1E21297700009B6934 /* Project object */ = {
			isa = PBXProject;
			attributes = {
				LastSwiftUpdateCheck = 0940;
				LastUpgradeCheck = 0940;
				ORGANIZATIONNAME = ChenJunzhi;
				TargetAttributes = {
					473E8E2521297700009B6934 = {
						CreatedOnToolsVersion = 9.4.1;
					};
					473E8E3921297702009B6934 = {
						CreatedOnToolsVersion = 9.4.1;
						TestTargetID = 473E8E2521297700009B6934;
					};
				};
			};
			buildConfigurationList = 473E8E2121297700009B6934 /* Build configuration list for PBXProject "SortAlgorithm" */;
			compatibilityVersion = "Xcode 9.3";
			developmentRegion = en;
			hasScannedForEncodings = 0;
			knownRegions = (
				en,
				Base,
			);
			mainGroup = 473E8E1D21297700009B6934;
			productRefGroup = 473E8E2721297700009B6934 /* Products */;
			projectDirPath = "";
			projectRoot = "";
			targets = (
				473E8E2521297700009B6934 /* SortAlgorithm */,
				473E8E3921297702009B6934 /* SortAlgorithmTests */,
			);
		};
/* End PBXProject section */

/* Begin PBXResourcesBuildPhase section */
		473E8E2421297700009B6934 /* Resources */ = {
			isa = PBXResourcesBuildPhase;
			buildActionMask = 2147483647;
			files = (
				473E8E3421297702009B6934 /* LaunchScreen.storyboard in Resources */,
				473E8E3121297702009B6934 /* Assets.xcassets in Resources */,
				473E8E2F21297700009B6934 /* Main.storyboard in Resources */,
			);
			runOnlyForDeploymentPostprocessing = 0;
		};
		473E8E3821297702009B6934 /* Resources */ = {
			isa = PBXResourcesBuildPhase;
			buildActionMask = 2147483647;
			files = (
			);
			runOnlyForDeploymentPostprocessing = 0;
		};
/* End PBXResourcesBuildPhase section */

/* Begin PBXSourcesBuildPhase section */
		473E8E2221297700009B6934 /* Sources */ = {
			isa = PBXSourcesBuildPhase;
			buildActionMask = 2147483647;
			files = (
				473E8E2C21297700009B6934 /* ViewController.swift in Sources */,
				473E8E4B2129786A009B6934 /* BaseAlgorithm.swift in Sources */,
				47001D0121B4CF6600A5E44C /* ShellSort.swift in Sources */,
				479F1317213ED9F0001E8F46 /* QuickSort.swift in Sources */,
				473E8E2A21297700009B6934 /* AppDelegate.swift in Sources */,
				473E8E512129BE0E009B6934 /* InsertionSort.swift in Sources */,
				47001D0321B6711F00A5E44C /* MergeSort.swift in Sources */,
				473E8E4D212978EC009B6934 /* BubbleSort.swift in Sources */,
				473E8E4F2129AEEB009B6934 /* SelectionSort.swift in Sources */,
			);
			runOnlyForDeploymentPostprocessing = 0;
		};
		473E8E3621297702009B6934 /* Sources */ = {
			isa = PBXSourcesBuildPhase;
			buildActionMask = 2147483647;
			files = (
				473E8E3F21297702009B6934 /* SortAlgorithmTests.swift in Sources */,
			);
			runOnlyForDeploymentPostprocessing = 0;
		};
/* End PBXSourcesBuildPhase section */

/* Begin PBXTargetDependency section */
		473E8E3C21297702009B6934 /* PBXTargetDependency */ = {
			isa = PBXTargetDependency;
			target = 473E8E2521297700009B6934 /* SortAlgorithm */;
			targetProxy = 473E8E3B21297702009B6934 /* PBXContainerItemProxy */;
		};
/* End PBXTargetDependency section */

/* Begin PBXVariantGroup section */
		473E8E2D21297700009B6934 /* Main.storyboard */ = {
			isa = PBXVariantGroup;
			children = (
				473E8E2E21297700009B6934 /* Base */,
			);
			name = Main.storyboard;
			sourceTree = "<group>";
		};
		473E8E3221297702009B6934 /* LaunchScreen.storyboard */ = {
			isa = PBXVariantGroup;
			children = (
				473E8E3321297702009B6934 /* Base */,
			);
			name = LaunchScreen.storyboard;
			sourceTree = "<group>";
		};
/* End PBXVariantGroup section */

/* Begin XCBuildConfiguration section */
		473E8E4121297702009B6934 /* Debug */ = {
			isa = XCBuildConfiguration;
			buildSettings = {
				ALWAYS_SEARCH_USER_PATHS = NO;
				CLANG_ANALYZER_NONNULL = YES;
				CLANG_ANALYZER_NUMBER_OBJECT_CONVERSION = YES_AGGRESSIVE;
				CLANG_CXX_LANGUAGE_STANDARD = "gnu++14";
				CLANG_CXX_LIBRARY = "libc++";
				CLANG_ENABLE_MODULES = YES;
				CLANG_ENABLE_OBJC_ARC = YES;
				CLANG_ENABLE_OBJC_WEAK = YES;
				CLANG_WARN_BLOCK_CAPTURE_AUTORELEASING = YES;
				CLANG_WARN_BOOL_CONVERSION = YES;
				CLANG_WARN_COMMA = YES;
				CLANG_WARN_CONSTANT_CONVERSION = YES;
				CLANG_WARN_DEPRECATED_OBJC_IMPLEMENTATIONS = YES;
				CLANG_WARN_DIRECT_OBJC_ISA_USAGE = YES_ERROR;
				CLANG_WARN_DOCUMENTATION_COMMENTS = YES;
				CLANG_WARN_EMPTY_BODY = YES;
				CLANG_WARN_ENUM_CONVERSION = YES;
				CLANG_WARN_INFINITE_RECURSION = YES;
				CLANG_WARN_INT_CONVERSION = YES;
				CLANG_WARN_NON_LITERAL_NULL_CONVERSION = YES;
				CLANG_WARN_OBJC_IMPLICIT_RETAIN_SELF = YES;
				CLANG_WARN_OBJC_LITERAL_CONVERSION = YES;
				CLANG_WARN_OBJC_ROOT_CLASS = YES_ERROR;
				CLANG_WARN_RANGE_LOOP_ANALYSIS = YES;
				CLANG_WARN_STRICT_PROTOTYPES = YES;
				CLANG_WARN_SUSPICIOUS_MOVE = YES;
				CLANG_WARN_UNGUARDED_AVAILABILITY = YES_AGGRESSIVE;
				CLANG_WARN_UNREACHABLE_CODE = YES;
				CLANG_WARN__DUPLICATE_METHOD_MATCH = YES;
				CODE_SIGN_IDENTITY = "iPhone Developer";
				COPY_PHASE_STRIP = NO;
				DEBUG_INFORMATION_FORMAT = dwarf;
				ENABLE_STRICT_OBJC_MSGSEND = YES;
				ENABLE_TESTABILITY = YES;
				GCC_C_LANGUAGE_STANDARD = gnu11;
				GCC_DYNAMIC_NO_PIC = NO;
				GCC_NO_COMMON_BLOCKS = YES;
				GCC_OPTIMIZATION_LEVEL = 0;
				GCC_PREPROCESSOR_DEFINITIONS = (
					"DEBUG=1",
					"$(inherited)",
				);
				GCC_WARN_64_TO_32_BIT_CONVERSION = YES;
				GCC_WARN_ABOUT_RETURN_TYPE = YES_ERROR;
				GCC_WARN_UNDECLARED_SELECTOR = YES;
				GCC_WARN_UNINITIALIZED_AUTOS = YES_AGGRESSIVE;
				GCC_WARN_UNUSED_FUNCTION = YES;
				GCC_WARN_UNUSED_VARIABLE = YES;
				IPHONEOS_DEPLOYMENT_TARGET = 11.4;
				MTL_ENABLE_DEBUG_INFO = YES;
				ONLY_ACTIVE_ARCH = YES;
				SDKROOT = iphoneos;
				SWIFT_ACTIVE_COMPILATION_CONDITIONS = DEBUG;
				SWIFT_OPTIMIZATION_LEVEL = "-Onone";
			};
			name = Debug;
		};
		473E8E4221297702009B6934 /* Release */ = {
			isa = XCBuildConfiguration;
			buildSettings = {
				ALWAYS_SEARCH_USER_PATHS = NO;
				CLANG_ANALYZER_NONNULL = YES;
				CLANG_ANALYZER_NUMBER_OBJECT_CONVERSION = YES_AGGRESSIVE;
				CLANG_CXX_LANGUAGE_STANDARD = "gnu++14";
				CLANG_CXX_LIBRARY = "libc++";
				CLANG_ENABLE_MODULES = YES;
				CLANG_ENABLE_OBJC_ARC = YES;
				CLANG_ENABLE_OBJC_WEAK = YES;
				CLANG_WARN_BLOCK_CAPTURE_AUTORELEASING = YES;
				CLANG_WARN_BOOL_CONVERSION = YES;
				CLANG_WARN_COMMA = YES;
				CLANG_WARN_CONSTANT_CONVERSION = YES;
				CLANG_WARN_DEPRECATED_OBJC_IMPLEMENTATIONS = YES;
				CLANG_WARN_DIRECT_OBJC_ISA_USAGE = YES_ERROR;
				CLANG_WARN_DOCUMENTATION_COMMENTS = YES;
				CLANG_WARN_EMPTY_BODY = YES;
				CLANG_WARN_ENUM_CONVERSION = YES;
				CLANG_WARN_INFINITE_RECURSION = YES;
				CLANG_WARN_INT_CONVERSION = YES;
				CLANG_WARN_NON_LITERAL_NULL_CONVERSION = YES;
				CLANG_WARN_OBJC_IMPLICIT_RETAIN_SELF = YES;
				CLANG_WARN_OBJC_LITERAL_CONVERSION = YES;
				CLANG_WARN_OBJC_ROOT_CLASS = YES_ERROR;
				CLANG_WARN_RANGE_LOOP_ANALYSIS = YES;
				CLANG_WARN_STRICT_PROTOTYPES = YES;
				CLANG_WARN_SUSPICIOUS_MOVE = YES;
				CLANG_WARN_UNGUARDED_AVAILABILITY = YES_AGGRESSIVE;
				CLANG_WARN_UNREACHABLE_CODE = YES;
				CLANG_WARN__DUPLICATE_METHOD_MATCH = YES;
				CODE_SIGN_IDENTITY = "iPhone Developer";
				COPY_PHASE_STRIP = NO;
				DEBUG_INFORMATION_FORMAT = "dwarf-with-dsym";
				ENABLE_NS_ASSERTIONS = NO;
				ENABLE_STRICT_OBJC_MSGSEND = YES;
				GCC_C_LANGUAGE_STANDARD = gnu11;
				GCC_NO_COMMON_BLOCKS = YES;
				GCC_WARN_64_TO_32_BIT_CONVERSION = YES;
				GCC_WARN_ABOUT_RETURN_TYPE = YES_ERROR;
				GCC_WARN_UNDECLARED_SELECTOR = YES;
				GCC_WARN_UNINITIALIZED_AUTOS = YES_AGGRESSIVE;
				GCC_WARN_UNUSED_FUNCTION = YES;
				GCC_WARN_UNUSED_VARIABLE = YES;
				IPHONEOS_DEPLOYMENT_TARGET = 11.4;
				MTL_ENABLE_DEBUG_INFO = NO;
				SDKROOT = iphoneos;
				SWIFT_COMPILATION_MODE = wholemodule;
				SWIFT_OPTIMIZATION_LEVEL = "-O";
				VALIDATE_PRODUCT = YES;
			};
			name = Release;
		};
		473E8E4421297702009B6934 /* Debug */ = {
			isa = XCBuildConfiguration;
			buildSettings = {
				ASSETCATALOG_COMPILER_APPICON_NAME = AppIcon;
				CODE_SIGN_STYLE = Automatic;
				DEVELOPMENT_TEAM = MKW6K38424;
				INFOPLIST_FILE = SortAlgorithm/Info.plist;
				LD_RUNPATH_SEARCH_PATHS = (
					"$(inherited)",
					"@executable_path/Frameworks",
				);
				PRODUCT_BUNDLE_IDENTIFIER = com.cjz.SortAlgorithm;
				PRODUCT_NAME = "$(TARGET_NAME)";
				SWIFT_VERSION = 4.0;
				TARGETED_DEVICE_FAMILY = "1,2";
			};
			name = Debug;
		};
		473E8E4521297702009B6934 /* Release */ = {
			isa = XCBuildConfiguration;
			buildSettings = {
				ASSETCATALOG_COMPILER_APPICON_NAME = AppIcon;
				CODE_SIGN_STYLE = Automatic;
				DEVELOPMENT_TEAM = MKW6K38424;
				INFOPLIST_FILE = SortAlgorithm/Info.plist;
				LD_RUNPATH_SEARCH_PATHS = (
					"$(inherited)",
					"@executable_path/Frameworks",
				);
				PRODUCT_BUNDLE_IDENTIFIER = com.cjz.SortAlgorithm;
				PRODUCT_NAME = "$(TARGET_NAME)";
				SWIFT_VERSION = 4.0;
				TARGETED_DEVICE_FAMILY = "1,2";
			};
			name = Release;
		};
		473E8E4721297702009B6934 /* Debug */ = {
			isa = XCBuildConfiguration;
			buildSettings = {
				ALWAYS_EMBED_SWIFT_STANDARD_LIBRARIES = YES;
				BUNDLE_LOADER = "$(TEST_HOST)";
				CODE_SIGN_STYLE = Automatic;
				DEVELOPMENT_TEAM = MKW6K38424;
				INFOPLIST_FILE = SortAlgorithmTests/Info.plist;
				LD_RUNPATH_SEARCH_PATHS = (
					"$(inherited)",
					"@executable_path/Frameworks",
					"@loader_path/Frameworks",
				);
				PRODUCT_BUNDLE_IDENTIFIER = com.cjz.SortAlgorithmTests;
				PRODUCT_NAME = "$(TARGET_NAME)";
				SWIFT_VERSION = 4.0;
				TARGETED_DEVICE_FAMILY = "1,2";
				TEST_HOST = "$(BUILT_PRODUCTS_DIR)/SortAlgorithm.app/SortAlgorithm";
			};
			name = Debug;
		};
		473E8E4821297702009B6934 /* Release */ = {
			isa = XCBuildConfiguration;
			buildSettings = {
				ALWAYS_EMBED_SWIFT_STANDARD_LIBRARIES = YES;
				BUNDLE_LOADER = "$(TEST_HOST)";
				CODE_SIGN_STYLE = Automatic;
				DEVELOPMENT_TEAM = MKW6K38424;
				INFOPLIST_FILE = SortAlgorithmTests/Info.plist;
				LD_RUNPATH_SEARCH_PATHS = (
					"$(inherited)",
					"@executable_path/Frameworks",
					"@loader_path/Frameworks",
				);
				PRODUCT_BUNDLE_IDENTIFIER = com.cjz.SortAlgorithmTests;
				PRODUCT_NAME = "$(TARGET_NAME)";
				SWIFT_VERSION = 4.0;
				TARGETED_DEVICE_FAMILY = "1,2";
				TEST_HOST = "$(BUILT_PRODUCTS_DIR)/SortAlgorithm.app/SortAlgorithm";
			};
			name = Release;
		};
/* End XCBuildConfiguration section */

/* Begin XCConfigurationList section */
		473E8E2121297700009B6934 /* Build configuration list for PBXProject "SortAlgorithm" */ = {
			isa = XCConfigurationList;
			buildConfigurations = (
				473E8E4121297702009B6934 /* Debug */,
				473E8E4221297702009B6934 /* Release */,
			);
			defaultConfigurationIsVisible = 0;
			defaultConfigurationName = Release;
		};
		473E8E4321297702009B6934 /* Build configuration list for PBXNativeTarget "SortAlgorithm" */ = {
			isa = XCConfigurationList;
			buildConfigurations = (
				473E8E4421297702009B6934 /* Debug */,
				473E8E4521297702009B6934 /* Release */,
			);
			defaultConfigurationIsVisible = 0;
			defaultConfigurationName = Release;
		};
		473E8E4621297702009B6934 /* Build configuration list for PBXNativeTarget "SortAlgorithmTests" */ = {
			isa = XCConfigurationList;
			buildConfigurations = (
				473E8E4721297702009B6934 /* Debug */,
				473E8E4821297702009B6934 /* Release */,
			);
			defaultConfigurationIsVisible = 0;
			defaultConfigurationName = Release;
		};
/* End XCConfigurationList section */
	};
	rootObject = 473E8E1E21297700009B6934 /* Project object */;
}
